
Microsoft Visual Studio Solution File, Format Version 12.00
# Visual Studio Version 17
VisualStudioVersion = 17.10.35013.160
MinimumVisualStudioVersion = 10.0.40219.1
Project("{FAE04EC0-301F-11D3-BF4B-00C04F79EFBC}") = "WinFormsCalulate", "WinFormsCalulate\WinFormsCalulate.csproj", "{D38625E2-F653-4D25-A4CA-1B578BD87420}"
EndProject
Global
	GlobalSection(SolutionConfigurationPlatforms) = preSolution
		Debug|Any CPU = Debug|Any CPU
		Release|Any CPU = Release|Any CPU
	EndGlobalSection
	GlobalSection(ProjectConfigurationPlatforms) = postSolution
		{D38625E2-F653-4D25-A4CA-1B578BD87420}.Debug|Any CPU.ActiveCfg = Debug|Any CPU
		{D38625E2-F653-4D25-A4CA-1B578BD87420}.Debug|Any CPU.Build.0 = Debug|Any CPU
		{D38625E2-F653-4D25-A4CA-1B578BD87420}.Release|Any CPU.ActiveCfg = Release|Any CPU
		{D38625E2-F653-4D25-A4CA-1B578BD87420}.Release|Any CPU.Build.0 = Release|Any CPU
	EndGlobalSection
	GlobalSection(SolutionProperties) = preSolution
		HideSolutionNode = FALSE
	EndGlobalSection
	GlobalSection(ExtensibilityGlobals) = postSolution
		SolutionGuid = {A91B34E1-FEB8-45D3-94FE-FEE8DDCCFE74}
	EndGlobalSection
EndGlobal
